
Microsoft Visual Studio Solution File, Format Version 12.00
# Visual Studio 15
VisualStudioVersion = 15.0.28307.539
MinimumVisualStudioVersion = 10.0.40219.1
Project("{FAE04EC0-301F-11D3-BF4B-00C04F79EFBC}") = "Demo RTa", "Demo RTa\Demo RTa.csproj", "{2DDA0F95-91EB-40FB-A230-5B0F4CC350A0}"
EndProject
Global
	GlobalSection(SolutionConfigurationPlatforms) = preSolution
		Debug|Any CPU = Debug|Any CPU
		Release|Any CPU = Release|Any CPU
	EndGlobalSection
	GlobalSection(ProjectConfigurationPlatforms) = postSolution
		{2DDA0F95-91EB-40FB-A230-5B0F4CC350A0}.Debug|Any CPU.ActiveCfg = Debug|Any CPU
		{2DDA0F95-91EB-40FB-A230-5B0F4CC350A0}.Debug|Any CPU.Build.0 = Debug|Any CPU
		{2DDA0F95-91EB-40FB-A230-5B0F4CC350A0}.Release|Any CPU.ActiveCfg = Release|Any CPU
		{2DDA0F95-91EB-40FB-A230-5B0F4CC350A0}.Release|Any CPU.Build.0 = Release|Any CPU
	EndGlobalSection
	GlobalSection(SolutionProperties) = preSolution
		HideSolutionNode = FALSE
	EndGlobalSection
	GlobalSection(ExtensibilityGlobals) = postSolution
		SolutionGuid = {AE387D53-2320-420D-8B78-4C44BDC75BF9}
	EndGlobalSection
EndGlobal
